{
  "name": "beta-rails-template",
  "lockfileVersion": 3,
  "requires": true,
  "packages": {
    "": {
      "name": "beta-rails-template",
      "dependencies": {
        "@gouvfr/dsfr": "^1.9"
      }
    },
    "node_modules/@gouvfr/dsfr": {
      "version": "1.10.0",
      "resolved": "https://registry.npmjs.org/@gouvfr/dsfr/-/dsfr-1.10.0.tgz",
      "integrity": "sha512-fHqGCvc8jGtkX2AKRCWi9o3jf/kirP/BeeZ2FBVGwS9Oxd8KsG22xk/6Tls8nA+qPaI+2ZkZQxATBV8KlhwNhQ==",
      "engines": {
        "node": ">=18.16.1"
      }
    }
  }
}
