{
  "name": "beta-rails-template",
  "lockfileVersion": 2,
  "requires": true,
  "packages": {
    "": {
      "name": "beta-rails-template",
      "dependencies": {
        "@gouvfr/dsfr": "^1.9"
      }
    },
    "node_modules/@gouvfr/dsfr": {
      "version": "1.9.1",
      "resolved": "https://registry.npmjs.org/@gouvfr/dsfr/-/dsfr-1.9.1.tgz",
      "integrity": "sha512-vZZpVRr32pW4YiclbWKPI7VGW85O012AE8tHFYgLhc96zzY5Zqp4rsDvwo3qt0GAn2/BSJoM3+MjXi0YFhbzmg==",
      "engines": {
        "node": ">=14.18.0"
      }
    }
  },
  "dependencies": {
    "@gouvfr/dsfr": {
      "version": "1.9.1",
      "resolved": "https://registry.npmjs.org/@gouvfr/dsfr/-/dsfr-1.9.1.tgz",
      "integrity": "sha512-vZZpVRr32pW4YiclbWKPI7VGW85O012AE8tHFYgLhc96zzY5Zqp4rsDvwo3qt0GAn2/BSJoM3+MjXi0YFhbzmg=="
    }
  }
}
